{
    "_readme": [
        "This file locks the dependencies of your project to a known state",
        "Read more about it at https://getcomposer.org/doc/01-basic-usage.md#installing-dependencies",
        "This file is @generated automatically"
    ],
    "content-hash": "8938ec9a5da30fa03ad1df0400fbc4d7",
    "packages": [
        {
            "name": "pecee/simple-router",
            "version": "1.8.1",
            "source": {
                "type": "git",
                "url": "https://github.com/skipperbent/simple-php-router.git",
                "reference": "4975f24fee00bf94991451d21d0f6a05bba5733f"
            },
            "dist": {
                "type": "zip",
                "url": "https://api.github.com/repos/skipperbent/simple-php-router/zipball/4975f24fee00bf94991451d21d0f6a05bba5733f",
                "reference": "4975f24fee00bf94991451d21d0f6a05bba5733f",
                "shasum": ""
            },
            "require": {
                "php": ">=5.4.0"
            },
            "require-dev": {
                "phpunit/phpunit": "4.7.7"
            },
            "type": "library",
            "autoload": {
                "psr-4": {
                    "Pecee\\": "src/Pecee/"
                }
            },
            "notification-url": "https://packagist.org/downloads/",
            "license": [
                "MIT"
            ],
            "authors": [
                {
                    "name": "Simon Sessingø",
                    "email": "simon.sessingoe@gmail.com"
                }
            ],
            "description": "Simple, fast PHP router that is easy to get integrated and in almost any project. Heavily inspired by the Laravel router.",
            "keywords": [
                "laravel",
                "pecee",
                "router",
                "routing"
            ],
            "time": "2017-08-31T11:05:26+00:00"
        }
    ],
    "packages-dev": [],
    "aliases": [],
    "minimum-stability": "dev",
    "stability-flags": [],
    "prefer-stable": true,
    "prefer-lowest": false,
    "platform": [],
    "platform-dev": [],
    "plugin-api-version": "1.1.0"
}
